
Microsoft Visual Studio Solution File, Format Version 12.00
# Visual Studio Version 17
VisualStudioVersion = 17.5.2.0
MinimumVisualStudioVersion = 10.0.40219.1
Project("{FAE04EC0-301F-11D3-BF4B-00C04F79EFBC}") = "JobScraper.Application", "JobScraper.Application\JobScraper.Application.csproj", "{547E4E16-B9CA-4065-AF00-6AE0057E7B9E}"
EndProject
Project("{FAE04EC0-301F-11D3-BF4B-00C04F79EFBC}") = "JobScraper.Api", "JobScraper.Api\JobScraper.Api.csproj", "{43216468-05BC-4078-98EF-55F9FCF6B052}"
EndProject
Project("{FAE04EC0-301F-11D3-BF4B-00C04F79EFBC}") = "JobScraper.Repository", "JobScraper.Repository\JobScraper.Repository.csproj", "{149EEB80-ABD8-4E3E-8D26-749A0D366A40}"
EndProject
Project("{FAE04EC0-301F-11D3-BF4B-00C04F79EFBC}") = "JobScraper.Scrapers", "JobScraper.Scrapers\JobScraper.Scrapers.csproj", "{DB62337C-03E0-4A9C-BCB0-5245F1DC0890}"
EndProject
Global
	GlobalSection(SolutionConfigurationPlatforms) = preSolution
		Debug|Any CPU = Debug|Any CPU
		Debug|x64 = Debug|x64
		Debug|x86 = Debug|x86
		Release|Any CPU = Release|Any CPU
		Release|x64 = Release|x64
		Release|x86 = Release|x86
	EndGlobalSection
	GlobalSection(ProjectConfigurationPlatforms) = postSolution
		{547E4E16-B9CA-4065-AF00-6AE0057E7B9E}.Debug|Any CPU.ActiveCfg = Debug|Any CPU
		{547E4E16-B9CA-4065-AF00-6AE0057E7B9E}.Debug|Any CPU.Build.0 = Debug|Any CPU
		{547E4E16-B9CA-4065-AF00-6AE0057E7B9E}.Debug|x64.ActiveCfg = Debug|Any CPU
		{547E4E16-B9CA-4065-AF00-6AE0057E7B9E}.Debug|x64.Build.0 = Debug|Any CPU
		{547E4E16-B9CA-4065-AF00-6AE0057E7B9E}.Debug|x86.ActiveCfg = Debug|Any CPU
		{547E4E16-B9CA-4065-AF00-6AE0057E7B9E}.Debug|x86.Build.0 = Debug|Any CPU
		{547E4E16-B9CA-4065-AF00-6AE0057E7B9E}.Release|Any CPU.ActiveCfg = Release|Any CPU
		{547E4E16-B9CA-4065-AF00-6AE0057E7B9E}.Release|Any CPU.Build.0 = Release|Any CPU
		{547E4E16-B9CA-4065-AF00-6AE0057E7B9E}.Release|x64.ActiveCfg = Release|Any CPU
		{547E4E16-B9CA-4065-AF00-6AE0057E7B9E}.Release|x64.Build.0 = Release|Any CPU
		{547E4E16-B9CA-4065-AF00-6AE0057E7B9E}.Release|x86.ActiveCfg = Release|Any CPU
		{547E4E16-B9CA-4065-AF00-6AE0057E7B9E}.Release|x86.Build.0 = Release|Any CPU
		{43216468-05BC-4078-98EF-55F9FCF6B052}.Debug|Any CPU.ActiveCfg = Debug|Any CPU
		{43216468-05BC-4078-98EF-55F9FCF6B052}.Debug|Any CPU.Build.0 = Debug|Any CPU
		{43216468-05BC-4078-98EF-55F9FCF6B052}.Debug|x64.ActiveCfg = Debug|Any CPU
		{43216468-05BC-4078-98EF-55F9FCF6B052}.Debug|x64.Build.0 = Debug|Any CPU
		{43216468-05BC-4078-98EF-55F9FCF6B052}.Debug|x86.ActiveCfg = Debug|Any CPU
		{43216468-05BC-4078-98EF-55F9FCF6B052}.Debug|x86.Build.0 = Debug|Any CPU
		{43216468-05BC-4078-98EF-55F9FCF6B052}.Release|Any CPU.ActiveCfg = Release|Any CPU
		{43216468-05BC-4078-98EF-55F9FCF6B052}.Release|Any CPU.Build.0 = Release|Any CPU
		{43216468-05BC-4078-98EF-55F9FCF6B052}.Release|x64.ActiveCfg = Release|Any CPU
		{43216468-05BC-4078-98EF-55F9FCF6B052}.Release|x64.Build.0 = Release|Any CPU
		{43216468-05BC-4078-98EF-55F9FCF6B052}.Release|x86.ActiveCfg = Release|Any CPU
		{43216468-05BC-4078-98EF-55F9FCF6B052}.Release|x86.Build.0 = Release|Any CPU
		{149EEB80-ABD8-4E3E-8D26-749A0D366A40}.Debug|Any CPU.ActiveCfg = Debug|Any CPU
		{149EEB80-ABD8-4E3E-8D26-749A0D366A40}.Debug|Any CPU.Build.0 = Debug|Any CPU
		{149EEB80-ABD8-4E3E-8D26-749A0D366A40}.Debug|x64.ActiveCfg = Debug|Any CPU
		{149EEB80-ABD8-4E3E-8D26-749A0D366A40}.Debug|x64.Build.0 = Debug|Any CPU
		{149EEB80-ABD8-4E3E-8D26-749A0D366A40}.Debug|x86.ActiveCfg = Debug|Any CPU
		{149EEB80-ABD8-4E3E-8D26-749A0D366A40}.Debug|x86.Build.0 = Debug|Any CPU
		{149EEB80-ABD8-4E3E-8D26-749A0D366A40}.Release|Any CPU.ActiveCfg = Release|Any CPU
		{149EEB80-ABD8-4E3E-8D26-749A0D366A40}.Release|Any CPU.Build.0 = Release|Any CPU
		{149EEB80-ABD8-4E3E-8D26-749A0D366A40}.Release|x64.ActiveCfg = Release|Any CPU
		{149EEB80-ABD8-4E3E-8D26-749A0D366A40}.Release|x64.Build.0 = Release|Any CPU
		{149EEB80-ABD8-4E3E-8D26-749A0D366A40}.Release|x86.ActiveCfg = Release|Any CPU
		{149EEB80-ABD8-4E3E-8D26-749A0D366A40}.Release|x86.Build.0 = Release|Any CPU
		{DB62337C-03E0-4A9C-BCB0-5245F1DC0890}.Debug|Any CPU.ActiveCfg = Debug|Any CPU
		{DB62337C-03E0-4A9C-BCB0-5245F1DC0890}.Debug|Any CPU.Build.0 = Debug|Any CPU
		{DB62337C-03E0-4A9C-BCB0-5245F1DC0890}.Debug|x64.ActiveCfg = Debug|Any CPU
		{DB62337C-03E0-4A9C-BCB0-5245F1DC0890}.Debug|x64.Build.0 = Debug|Any CPU
		{DB62337C-03E0-4A9C-BCB0-5245F1DC0890}.Debug|x86.ActiveCfg = Debug|Any CPU
		{DB62337C-03E0-4A9C-BCB0-5245F1DC0890}.Debug|x86.Build.0 = Debug|Any CPU
		{DB62337C-03E0-4A9C-BCB0-5245F1DC0890}.Release|Any CPU.ActiveCfg = Release|Any CPU
		{DB62337C-03E0-4A9C-BCB0-5245F1DC0890}.Release|Any CPU.Build.0 = Release|Any CPU
		{DB62337C-03E0-4A9C-BCB0-5245F1DC0890}.Release|x64.ActiveCfg = Release|Any CPU
		{DB62337C-03E0-4A9C-BCB0-5245F1DC0890}.Release|x64.Build.0 = Release|Any CPU
		{DB62337C-03E0-4A9C-BCB0-5245F1DC0890}.Release|x86.ActiveCfg = Release|Any CPU
		{DB62337C-03E0-4A9C-BCB0-5245F1DC0890}.Release|x86.Build.0 = Release|Any CPU
	EndGlobalSection
	GlobalSection(SolutionProperties) = preSolution
		HideSolutionNode = FALSE
	EndGlobalSection
	GlobalSection(ExtensibilityGlobals) = postSolution
		SolutionGuid = {6D86A30B-238F-4303-8A47-14218E235591}
	EndGlobalSection
EndGlobal
